// !$*UTF8*$!
{
	archiveVersion = 1;
	classes = {
	};
	objectVersion = 48;
	objects = {

/* Begin PBXBuildFile section */
		7E276CB31FDF888700D1B58E /* StoreListVC.swift in Sources */ = {isa = PBXBuildFile; fileRef = 7E276CB21FDF888700D1B58E /* StoreListVC.swift */; };
		7E276CB61FDF8D5800D1B58E /* StoreDetailsVC.swift in Sources */ = {isa = PBXBuildFile; fileRef = 7E276CB51FDF8D5800D1B58E /* StoreDetailsVC.swift */; };
		7E276CB81FDFAB7300D1B58E /* ScanResultCell.swift in Sources */ = {isa = PBXBuildFile; fileRef = 7E276CB71FDFAB7300D1B58E /* ScanResultCell.swift */; };
		7E276CBA1FDFD4E800D1B58E /* StoreCell.swift in Sources */ = {isa = PBXBuildFile; fileRef = 7E276CB91FDFD4E800D1B58E /* StoreCell.swift */; };
		7E34B7FC1FB52CFB00B54CC3 /* Inceptionv3.mlmodel in Sources */ = {isa = PBXBuildFile; fileRef = 7E34B7FB1FB52CE400B54CC3 /* Inceptionv3.mlmodel */; };
		7E7F46701FDA14EC00DEF640 /* ScanResultsVC.swift in Sources */ = {isa = PBXBuildFile; fileRef = 7E7F466F1FDA14EC00DEF640 /* ScanResultsVC.swift */; };
		7E7F46721FDA14FD00DEF640 /* ResultDetailsVC.swift in Sources */ = {isa = PBXBuildFile; fileRef = 7E7F46711FDA14FD00DEF640 /* ResultDetailsVC.swift */; };
		7E7F46741FDA175F00DEF640 /* ResultDetailCell.swift in Sources */ = {isa = PBXBuildFile; fileRef = 7E7F46731FDA175F00DEF640 /* ResultDetailCell.swift */; };
		EF689BB01E9705FFB20A5404 /* Pods_InstaShopAR.framework in Frameworks */ = {isa = PBXBuildFile; fileRef = F7119E0FC52E611DD71EBF9F /* Pods_InstaShopAR.framework */; };
		F25345FD1F8D552B0082FA16 /* AppDelegate.swift in Sources */ = {isa = PBXBuildFile; fileRef = F25345FC1F8D552B0082FA16 /* AppDelegate.swift */; };
		F25345FF1F8D552B0082FA16 /* art.scnassets in Resources */ = {isa = PBXBuildFile; fileRef = F25345FE1F8D552B0082FA16 /* art.scnassets */; };
		F25346011F8D552B0082FA16 /* ViewController.swift in Sources */ = {isa = PBXBuildFile; fileRef = F25346001F8D552B0082FA16 /* ViewController.swift */; };
		F25346041F8D552B0082FA16 /* Main.storyboard in Resources */ = {isa = PBXBuildFile; fileRef = F25346021F8D552B0082FA16 /* Main.storyboard */; };
		F25346061F8D552B0082FA16 /* Assets.xcassets in Resources */ = {isa = PBXBuildFile; fileRef = F25346051F8D552B0082FA16 /* Assets.xcassets */; };
		F25346091F8D552B0082FA16 /* LaunchScreen.storyboard in Resources */ = {isa = PBXBuildFile; fileRef = F25346071F8D552B0082FA16 /* LaunchScreen.storyboard */; };
		F25346111F8F93CD0082FA16 /* LoginVC.swift in Sources */ = {isa = PBXBuildFile; fileRef = F25346101F8F93CD0082FA16 /* LoginVC.swift */; };
		F2A58B521F9324DB009212E3 /* ScanARVC.swift in Sources */ = {isa = PBXBuildFile; fileRef = F2A58B511F9324DB009212E3 /* ScanARVC.swift */; };
		F2EE42971FA8DFD700E020B8 /* Scene.swift in Sources */ = {isa = PBXBuildFile; fileRef = F2EE42961FA8DFD700E020B8 /* Scene.swift */; };
		F2F04DAC1F912C0800050165 /* PBSocialDelegate.swift in Sources */ = {isa = PBXBuildFile; fileRef = F2F04DAB1F912C0800050165 /* PBSocialDelegate.swift */; };
		F2F04DAE1F912CE100050165 /* HomeVC.swift in Sources */ = {isa = PBXBuildFile; fileRef = F2F04DAD1F912CE100050165 /* HomeVC.swift */; };
/* End PBXBuildFile section */

/* Begin PBXFileReference section */
		18A57EF18F3D8C8AB4C639F5 /* Pods-InstaShopAR.debug.xcconfig */ = {isa = PBXFileReference; includeInIndex = 1; lastKnownFileType = text.xcconfig; name = "Pods-InstaShopAR.debug.xcconfig"; path = "Pods/Target Support Files/Pods-InstaShopAR/Pods-InstaShopAR.debug.xcconfig"; sourceTree = "<group>"; };
		2FA84A54E5098AB8344E9C7D /* Pods-InstaShopAR.release.xcconfig */ = {isa = PBXFileReference; includeInIndex = 1; lastKnownFileType = text.xcconfig; name = "Pods-InstaShopAR.release.xcconfig"; path = "Pods/Target Support Files/Pods-InstaShopAR/Pods-InstaShopAR.release.xcconfig"; sourceTree = "<group>"; };
		7E276CB21FDF888700D1B58E /* StoreListVC.swift */ = {isa = PBXFileReference; lastKnownFileType = sourcecode.swift; path = StoreListVC.swift; sourceTree = "<group>"; };
		7E276CB51FDF8D5800D1B58E /* StoreDetailsVC.swift */ = {isa = PBXFileReference; lastKnownFileType = sourcecode.swift; path = StoreDetailsVC.swift; sourceTree = "<group>"; };
		7E276CB71FDFAB7300D1B58E /* ScanResultCell.swift */ = {isa = PBXFileReference; lastKnownFileType = sourcecode.swift; path = ScanResultCell.swift; sourceTree = "<group>"; };
		7E276CB91FDFD4E800D1B58E /* StoreCell.swift */ = {isa = PBXFileReference; lastKnownFileType = sourcecode.swift; path = StoreCell.swift; sourceTree = "<group>"; };
		7E34B7FB1FB52CE400B54CC3 /* Inceptionv3.mlmodel */ = {isa = PBXFileReference; lastKnownFileType = file.mlmodel; name = Inceptionv3.mlmodel; path = InstaShopAR/Inceptionv3.mlmodel; sourceTree = SOURCE_ROOT; };
		7E7F466F1FDA14EC00DEF640 /* ScanResultsVC.swift */ = {isa = PBXFileReference; lastKnownFileType = sourcecode.swift; path = ScanResultsVC.swift; sourceTree = "<group>"; };
		7E7F46711FDA14FD00DEF640 /* ResultDetailsVC.swift */ = {isa = PBXFileReference; lastKnownFileType = sourcecode.swift; path = ResultDetailsVC.swift; sourceTree = "<group>"; };
		7E7F46731FDA175F00DEF640 /* ResultDetailCell.swift */ = {isa = PBXFileReference; lastKnownFileType = sourcecode.swift; path = ResultDetailCell.swift; sourceTree = "<group>"; };
		F25345F91F8D552B0082FA16 /* InstaShopAR.app */ = {isa = PBXFileReference; explicitFileType = wrapper.application; includeInIndex = 0; path = InstaShopAR.app; sourceTree = BUILT_PRODUCTS_DIR; };
		F25345FC1F8D552B0082FA16 /* AppDelegate.swift */ = {isa = PBXFileReference; lastKnownFileType = sourcecode.swift; path = AppDelegate.swift; sourceTree = "<group>"; };
		F25345FE1F8D552B0082FA16 /* art.scnassets */ = {isa = PBXFileReference; lastKnownFileType = wrapper.scnassets; path = art.scnassets; sourceTree = "<group>"; };
		F25346001F8D552B0082FA16 /* ViewController.swift */ = {isa = PBXFileReference; lastKnownFileType = sourcecode.swift; path = ViewController.swift; sourceTree = "<group>"; };
		F25346031F8D552B0082FA16 /* Base */ = {isa = PBXFileReference; lastKnownFileType = file.storyboard; name = Base; path = Base.lproj/Main.storyboard; sourceTree = "<group>"; };
		F25346051F8D552B0082FA16 /* Assets.xcassets */ = {isa = PBXFileReference; lastKnownFileType = folder.assetcatalog; path = Assets.xcassets; sourceTree = "<group>"; };
		F25346081F8D552B0082FA16 /* Base */ = {isa = PBXFileReference; lastKnownFileType = file.storyboard; name = Base; path = Base.lproj/LaunchScreen.storyboard; sourceTree = "<group>"; };
		F253460A1F8D552B0082FA16 /* Info.plist */ = {isa = PBXFileReference; lastKnownFileType = text.plist.xml; path = Info.plist; sourceTree = "<group>"; };
		F25346101F8F93CD0082FA16 /* LoginVC.swift */ = {isa = PBXFileReference; lastKnownFileType = sourcecode.swift; path = LoginVC.swift; sourceTree = "<group>"; };
		F2A58B511F9324DB009212E3 /* ScanARVC.swift */ = {isa = PBXFileReference; lastKnownFileType = sourcecode.swift; path = ScanARVC.swift; sourceTree = "<group>"; };
		F2EE42961FA8DFD700E020B8 /* Scene.swift */ = {isa = PBXFileReference; lastKnownFileType = sourcecode.swift; path = Scene.swift; sourceTree = "<group>"; };
		F2F04DAB1F912C0800050165 /* PBSocialDelegate.swift */ = {isa = PBXFileReference; lastKnownFileType = sourcecode.swift; path = PBSocialDelegate.swift; sourceTree = "<group>"; };
		F2F04DAD1F912CE100050165 /* HomeVC.swift */ = {isa = PBXFileReference; lastKnownFileType = sourcecode.swift; path = HomeVC.swift; sourceTree = "<group>"; };
		F7119E0FC52E611DD71EBF9F /* Pods_InstaShopAR.framework */ = {isa = PBXFileReference; explicitFileType = wrapper.framework; includeInIndex = 0; path = Pods_InstaShopAR.framework; sourceTree = BUILT_PRODUCTS_DIR; };
/* End PBXFileReference section */

/* Begin PBXFrameworksBuildPhase section */
		F25345F61F8D552B0082FA16 /* Frameworks */ = {
			isa = PBXFrameworksBuildPhase;
			buildActionMask = 2147483647;
			files = (
				EF689BB01E9705FFB20A5404 /* Pods_InstaShopAR.framework in Frameworks */,
			);
			runOnlyForDeploymentPostprocessing = 0;
		};
/* End PBXFrameworksBuildPhase section */

/* Begin PBXGroup section */
		09B9C1529330C14EC52CE58D /* Frameworks */ = {
			isa = PBXGroup;
			children = (
				F7119E0FC52E611DD71EBF9F /* Pods_InstaShopAR.framework */,
			);
			name = Frameworks;
			sourceTree = "<group>";
		};
		7E276CB11FDF885F00D1B58E /* Store List Screen */ = {
			isa = PBXGroup;
			children = (
				7E276CB21FDF888700D1B58E /* StoreListVC.swift */,
				7E276CB91FDFD4E800D1B58E /* StoreCell.swift */,
			);
			path = "Store List Screen";
			sourceTree = "<group>";
		};
		7E276CB41FDF8D3600D1B58E /* Store Details Screen */ = {
			isa = PBXGroup;
			children = (
				7E276CB51FDF8D5800D1B58E /* StoreDetailsVC.swift */,
			);
			path = "Store Details Screen";
			sourceTree = "<group>";
		};
		7E7F466D1FDA148B00DEF640 /* Scan Result Screen */ = {
			isa = PBXGroup;
			children = (
				7E7F466F1FDA14EC00DEF640 /* ScanResultsVC.swift */,
				7E276CB71FDFAB7300D1B58E /* ScanResultCell.swift */,
			);
			path = "Scan Result Screen";
			sourceTree = "<group>";
		};
		7E7F466E1FDA149E00DEF640 /* Result Details Screen */ = {
			isa = PBXGroup;
			children = (
				7E7F46711FDA14FD00DEF640 /* ResultDetailsVC.swift */,
				7E7F46731FDA175F00DEF640 /* ResultDetailCell.swift */,
			);
			path = "Result Details Screen";
			sourceTree = "<group>";
		};
		82F2C21943EC3DEF78DD1A08 /* Pods */ = {
			isa = PBXGroup;
			children = (
				18A57EF18F3D8C8AB4C639F5 /* Pods-InstaShopAR.debug.xcconfig */,
				2FA84A54E5098AB8344E9C7D /* Pods-InstaShopAR.release.xcconfig */,
			);
			name = Pods;
			sourceTree = "<group>";
		};
		F25345F01F8D552B0082FA16 = {
			isa = PBXGroup;
			children = (
				F25345FB1F8D552B0082FA16 /* InstaShopAR */,
				F25345FA1F8D552B0082FA16 /* Products */,
				82F2C21943EC3DEF78DD1A08 /* Pods */,
				09B9C1529330C14EC52CE58D /* Frameworks */,
			);
			sourceTree = "<group>";
		};
		F25345FA1F8D552B0082FA16 /* Products */ = {
			isa = PBXGroup;
			children = (
				F25345F91F8D552B0082FA16 /* InstaShopAR.app */,
			);
			name = Products;
			sourceTree = "<group>";
		};
		F25345FB1F8D552B0082FA16 /* InstaShopAR */ = {
			isa = PBXGroup;
			children = (
				7E276CB41FDF8D3600D1B58E /* Store Details Screen */,
				7E276CB11FDF885F00D1B58E /* Store List Screen */,
				7E7F466E1FDA149E00DEF640 /* Result Details Screen */,
				7E7F466D1FDA148B00DEF640 /* Scan Result Screen */,
				F2F04DAF1F912D0900050165 /* Home */,
				F25346121F8F93D60082FA16 /* Login */,
				F2A58B531F9324E7009212E3 /* Scan Screen */,
				F25345FC1F8D552B0082FA16 /* AppDelegate.swift */,
				F25345FE1F8D552B0082FA16 /* art.scnassets */,
				F25346001F8D552B0082FA16 /* ViewController.swift */,
				F25346021F8D552B0082FA16 /* Main.storyboard */,
				F25346051F8D552B0082FA16 /* Assets.xcassets */,
				F25346071F8D552B0082FA16 /* LaunchScreen.storyboard */,
				F253460A1F8D552B0082FA16 /* Info.plist */,
			);
			path = InstaShopAR;
			sourceTree = "<group>";
		};
		F25346121F8F93D60082FA16 /* Login */ = {
			isa = PBXGroup;
			children = (
				F25346101F8F93CD0082FA16 /* LoginVC.swift */,
				F2F04DAB1F912C0800050165 /* PBSocialDelegate.swift */,
			);
			path = Login;
			sourceTree = "<group>";
		};
		F2A58B531F9324E7009212E3 /* Scan Screen */ = {
			isa = PBXGroup;
			children = (
				F2A58B511F9324DB009212E3 /* ScanARVC.swift */,
				F2EE42961FA8DFD700E020B8 /* Scene.swift */,
				7E34B7FB1FB52CE400B54CC3 /* Inceptionv3.mlmodel */,
			);
			path = "Scan Screen";
			sourceTree = "<group>";
		};
		F2F04DAF1F912D0900050165 /* Home */ = {
			isa = PBXGroup;
			children = (
				F2F04DAD1F912CE100050165 /* HomeVC.swift */,
			);
			name = Home;
			path = "New Group";
			sourceTree = "<group>";
		};
/* End PBXGroup section */

/* Begin PBXNativeTarget section */
		F25345F81F8D552B0082FA16 /* InstaShopAR */ = {
			isa = PBXNativeTarget;
			buildConfigurationList = F253460D1F8D552B0082FA16 /* Build configuration list for PBXNativeTarget "InstaShopAR" */;
			buildPhases = (
				9FB2C6FF18A13BAEC8BFD9C1 /* [CP] Check Pods Manifest.lock */,
				F25345F51F8D552B0082FA16 /* Sources */,
				F25345F61F8D552B0082FA16 /* Frameworks */,
				F25345F71F8D552B0082FA16 /* Resources */,
				46EC02DA04916866E9A81DB6 /* [CP] Embed Pods Frameworks */,
				99AA959B027FBE820B712EFE /* [CP] Copy Pods Resources */,
			);
			buildRules = (
			);
			dependencies = (
			);
			name = InstaShopAR;
			productName = InstaShopAR;
			productReference = F25345F91F8D552B0082FA16 /* InstaShopAR.app */;
			productType = "com.apple.product-type.application";
		};
/* End PBXNativeTarget section */

/* Begin PBXProject section */
		F25345F11F8D552B0082FA16 /* Project object */ = {
			isa = PBXProject;
			attributes = {
				LastSwiftUpdateCheck = 0900;
				LastUpgradeCheck = 0900;
				ORGANIZATIONNAME = arjunshukla;
				TargetAttributes = {
					F25345F81F8D552B0082FA16 = {
						CreatedOnToolsVersion = 9.0;
						ProvisioningStyle = Automatic;
					};
				};
			};
			buildConfigurationList = F25345F41F8D552B0082FA16 /* Build configuration list for PBXProject "InstaShopAR" */;
			compatibilityVersion = "Xcode 8.0";
			developmentRegion = en;
			hasScannedForEncodings = 0;
			knownRegions = (
				en,
				Base,
			);
			mainGroup = F25345F01F8D552B0082FA16;
			productRefGroup = F25345FA1F8D552B0082FA16 /* Products */;
			projectDirPath = "";
			projectRoot = "";
			targets = (
				F25345F81F8D552B0082FA16 /* InstaShopAR */,
			);
		};
/* End PBXProject section */

/* Begin PBXResourcesBuildPhase section */
		F25345F71F8D552B0082FA16 /* Resources */ = {
			isa = PBXResourcesBuildPhase;
			buildActionMask = 2147483647;
			files = (
				F25345FF1F8D552B0082FA16 /* art.scnassets in Resources */,
				F25346091F8D552B0082FA16 /* LaunchScreen.storyboard in Resources */,
				F25346061F8D552B0082FA16 /* Assets.xcassets in Resources */,
				F25346041F8D552B0082FA16 /* Main.storyboard in Resources */,
			);
			runOnlyForDeploymentPostprocessing = 0;
		};
/* End PBXResourcesBuildPhase section */

/* Begin PBXShellScriptBuildPhase section */
		46EC02DA04916866E9A81DB6 /* [CP] Embed Pods Frameworks */ = {
			isa = PBXShellScriptBuildPhase;
			buildActionMask = 2147483647;
			files = (
			);
			inputPaths = (
				"${SRCROOT}/Pods/Target Support Files/Pods-InstaShopAR/Pods-InstaShopAR-frameworks.sh",
				"${BUILT_PRODUCTS_DIR}/AFNetworking/AFNetworking.framework",
				"${BUILT_PRODUCTS_DIR}/Alamofire/Alamofire.framework",
				"${BUILT_PRODUCTS_DIR}/InstagramKit/InstagramKit.framework",
				"${BUILT_PRODUCTS_DIR}/SwiftyJSON/SwiftyJSON.framework",
			);
			name = "[CP] Embed Pods Frameworks";
			outputPaths = (
				"${TARGET_BUILD_DIR}/${FRAMEWORKS_FOLDER_PATH}/AFNetworking.framework",
				"${TARGET_BUILD_DIR}/${FRAMEWORKS_FOLDER_PATH}/Alamofire.framework",
				"${TARGET_BUILD_DIR}/${FRAMEWORKS_FOLDER_PATH}/InstagramKit.framework",
				"${TARGET_BUILD_DIR}/${FRAMEWORKS_FOLDER_PATH}/SwiftyJSON.framework",
			);
			runOnlyForDeploymentPostprocessing = 0;
			shellPath = /bin/sh;
			shellScript = "\"${SRCROOT}/Pods/Target Support Files/Pods-InstaShopAR/Pods-InstaShopAR-frameworks.sh\"\n";
			showEnvVarsInLog = 0;
		};
		99AA959B027FBE820B712EFE /* [CP] Copy Pods Resources */ = {
			isa = PBXShellScriptBuildPhase;
			buildActionMask = 2147483647;
			files = (
			);
			inputPaths = (
			);
			name = "[CP] Copy Pods Resources";
			outputPaths = (
			);
			runOnlyForDeploymentPostprocessing = 0;
			shellPath = /bin/sh;
			shellScript = "\"${SRCROOT}/Pods/Target Support Files/Pods-InstaShopAR/Pods-InstaShopAR-resources.sh\"\n";
			showEnvVarsInLog = 0;
		};
		9FB2C6FF18A13BAEC8BFD9C1 /* [CP] Check Pods Manifest.lock */ = {
			isa = PBXShellScriptBuildPhase;
			buildActionMask = 2147483647;
			files = (
			);
			inputPaths = (
				"${PODS_PODFILE_DIR_PATH}/Podfile.lock",
				"${PODS_ROOT}/Manifest.lock",
			);
			name = "[CP] Check Pods Manifest.lock";
			outputPaths = (
				"$(DERIVED_FILE_DIR)/Pods-InstaShopAR-checkManifestLockResult.txt",
			);
			runOnlyForDeploymentPostprocessing = 0;
			shellPath = /bin/sh;
			shellScript = "diff \"${PODS_PODFILE_DIR_PATH}/Podfile.lock\" \"${PODS_ROOT}/Manifest.lock\" > /dev/null\nif [ $? != 0 ] ; then\n    # print error to STDERR\n    echo \"error: The sandbox is not in sync with the Podfile.lock. Run 'pod install' or update your CocoaPods installation.\" >&2\n    exit 1\nfi\n# This output is used by Xcode 'outputs' to avoid re-running this script phase.\necho \"SUCCESS\" > \"${SCRIPT_OUTPUT_FILE_0}\"\n";
			showEnvVarsInLog = 0;
		};
/* End PBXShellScriptBuildPhase section */

/* Begin PBXSourcesBuildPhase section */
		F25345F51F8D552B0082FA16 /* Sources */ = {
			isa = PBXSourcesBuildPhase;
			buildActionMask = 2147483647;
			files = (
				F25346011F8D552B0082FA16 /* ViewController.swift in Sources */,
				7E276CB81FDFAB7300D1B58E /* ScanResultCell.swift in Sources */,
				F2F04DAE1F912CE100050165 /* HomeVC.swift in Sources */,
				F2F04DAC1F912C0800050165 /* PBSocialDelegate.swift in Sources */,
				F25345FD1F8D552B0082FA16 /* AppDelegate.swift in Sources */,
				F2EE42971FA8DFD700E020B8 /* Scene.swift in Sources */,
				7E7F46741FDA175F00DEF640 /* ResultDetailCell.swift in Sources */,
				7E7F46701FDA14EC00DEF640 /* ScanResultsVC.swift in Sources */,
				7E276CB31FDF888700D1B58E /* StoreListVC.swift in Sources */,
				7E7F46721FDA14FD00DEF640 /* ResultDetailsVC.swift in Sources */,
				7E276CB61FDF8D5800D1B58E /* StoreDetailsVC.swift in Sources */,
				7E276CBA1FDFD4E800D1B58E /* StoreCell.swift in Sources */,
				7E34B7FC1FB52CFB00B54CC3 /* Inceptionv3.mlmodel in Sources */,
				F2A58B521F9324DB009212E3 /* ScanARVC.swift in Sources */,
				F25346111F8F93CD0082FA16 /* LoginVC.swift in Sources */,
			);
			runOnlyForDeploymentPostprocessing = 0;
		};
/* End PBXSourcesBuildPhase section */

/* Begin PBXVariantGroup section */
		F25346021F8D552B0082FA16 /* Main.storyboard */ = {
			isa = PBXVariantGroup;
			children = (
				F25346031F8D552B0082FA16 /* Base */,
			);
			name = Main.storyboard;
			sourceTree = "<group>";
		};
		F25346071F8D552B0082FA16 /* LaunchScreen.storyboard */ = {
			isa = PBXVariantGroup;
			children = (
				F25346081F8D552B0082FA16 /* Base */,
			);
			name = LaunchScreen.storyboard;
			sourceTree = "<group>";
		};
/* End PBXVariantGroup section */

/* Begin XCBuildConfiguration section */
		F253460B1F8D552B0082FA16 /* Debug */ = {
			isa = XCBuildConfiguration;
			buildSettings = {
				ALWAYS_SEARCH_USER_PATHS = NO;
				CLANG_ANALYZER_NONNULL = YES;
				CLANG_ANALYZER_NUMBER_OBJECT_CONVERSION = YES_AGGRESSIVE;
				CLANG_CXX_LANGUAGE_STANDARD = "gnu++14";
				CLANG_CXX_LIBRARY = "libc++";
				CLANG_ENABLE_MODULES = YES;
				CLANG_ENABLE_OBJC_ARC = YES;
				CLANG_WARN_BLOCK_CAPTURE_AUTORELEASING = YES;
				CLANG_WARN_BOOL_CONVERSION = YES;
				CLANG_WARN_COMMA = YES;
				CLANG_WARN_CONSTANT_CONVERSION = YES;
				CLANG_WARN_DIRECT_OBJC_ISA_USAGE = YES_ERROR;
				CLANG_WARN_DOCUMENTATION_COMMENTS = YES;
				CLANG_WARN_EMPTY_BODY = YES;
				CLANG_WARN_ENUM_CONVERSION = YES;
				CLANG_WARN_INFINITE_RECURSION = YES;
				CLANG_WARN_INT_CONVERSION = YES;
				CLANG_WARN_NON_LITERAL_NULL_CONVERSION = YES;
				CLANG_WARN_OBJC_LITERAL_CONVERSION = YES;
				CLANG_WARN_OBJC_ROOT_CLASS = YES_ERROR;
				CLANG_WARN_RANGE_LOOP_ANALYSIS = YES;
				CLANG_WARN_STRICT_PROTOTYPES = YES;
				CLANG_WARN_SUSPICIOUS_MOVE = YES;
				CLANG_WARN_UNGUARDED_AVAILABILITY = YES_AGGRESSIVE;
				CLANG_WARN_UNREACHABLE_CODE = YES;
				CLANG_WARN__DUPLICATE_METHOD_MATCH = YES;
				CODE_SIGN_IDENTITY = "iPhone Developer";
				COPY_PHASE_STRIP = NO;
				DEBUG_INFORMATION_FORMAT = dwarf;
				ENABLE_STRICT_OBJC_MSGSEND = YES;
				ENABLE_TESTABILITY = YES;
				GCC_C_LANGUAGE_STANDARD = gnu11;
				GCC_DYNAMIC_NO_PIC = NO;
				GCC_NO_COMMON_BLOCKS = YES;
				GCC_OPTIMIZATION_LEVEL = 0;
				GCC_PREPROCESSOR_DEFINITIONS = (
					"DEBUG=1",
					"$(inherited)",
				);
				GCC_WARN_64_TO_32_BIT_CONVERSION = YES;
				GCC_WARN_ABOUT_RETURN_TYPE = YES_ERROR;
				GCC_WARN_UNDECLARED_SELECTOR = YES;
				GCC_WARN_UNINITIALIZED_AUTOS = YES_AGGRESSIVE;
				GCC_WARN_UNUSED_FUNCTION = YES;
				GCC_WARN_UNUSED_VARIABLE = YES;
				IPHONEOS_DEPLOYMENT_TARGET = 11.0;
				MTL_ENABLE_DEBUG_INFO = YES;
				ONLY_ACTIVE_ARCH = YES;
				SDKROOT = iphoneos;
				SWIFT_ACTIVE_COMPILATION_CONDITIONS = DEBUG;
				SWIFT_OPTIMIZATION_LEVEL = "-Onone";
			};
			name = Debug;
		};
		F253460C1F8D552B0082FA16 /* Release */ = {
			isa = XCBuildConfiguration;
			buildSettings = {
				ALWAYS_SEARCH_USER_PATHS = NO;
				CLANG_ANALYZER_NONNULL = YES;
				CLANG_ANALYZER_NUMBER_OBJECT_CONVERSION = YES_AGGRESSIVE;
				CLANG_CXX_LANGUAGE_STANDARD = "gnu++14";
				CLANG_CXX_LIBRARY = "libc++";
				CLANG_ENABLE_MODULES = YES;
				CLANG_ENABLE_OBJC_ARC = YES;
				CLANG_WARN_BLOCK_CAPTURE_AUTORELEASING = YES;
				CLANG_WARN_BOOL_CONVERSION = YES;
				CLANG_WARN_COMMA = YES;
				CLANG_WARN_CONSTANT_CONVERSION = YES;
				CLANG_WARN_DIRECT_OBJC_ISA_USAGE = YES_ERROR;
				CLANG_WARN_DOCUMENTATION_COMMENTS = YES;
				CLANG_WARN_EMPTY_BODY = YES;
				CLANG_WARN_ENUM_CONVERSION = YES;
				CLANG_WARN_INFINITE_RECURSION = YES;
				CLANG_WARN_INT_CONVERSION = YES;
				CLANG_WARN_NON_LITERAL_NULL_CONVERSION = YES;
				CLANG_WARN_OBJC_LITERAL_CONVERSION = YES;
				CLANG_WARN_OBJC_ROOT_CLASS = YES_ERROR;
				CLANG_WARN_RANGE_LOOP_ANALYSIS = YES;
				CLANG_WARN_STRICT_PROTOTYPES = YES;
				CLANG_WARN_SUSPICIOUS_MOVE = YES;
				CLANG_WARN_UNGUARDED_AVAILABILITY = YES_AGGRESSIVE;
				CLANG_WARN_UNREACHABLE_CODE = YES;
				CLANG_WARN__DUPLICATE_METHOD_MATCH = YES;
				CODE_SIGN_IDENTITY = "iPhone Developer";
				COPY_PHASE_STRIP = NO;
				DEBUG_INFORMATION_FORMAT = "dwarf-with-dsym";
				ENABLE_NS_ASSERTIONS = NO;
				ENABLE_STRICT_OBJC_MSGSEND = YES;
				GCC_C_LANGUAGE_STANDARD = gnu11;
				GCC_NO_COMMON_BLOCKS = YES;
				GCC_WARN_64_TO_32_BIT_CONVERSION = YES;
				GCC_WARN_ABOUT_RETURN_TYPE = YES_ERROR;
				GCC_WARN_UNDECLARED_SELECTOR = YES;
				GCC_WARN_UNINITIALIZED_AUTOS = YES_AGGRESSIVE;
				GCC_WARN_UNUSED_FUNCTION = YES;
				GCC_WARN_UNUSED_VARIABLE = YES;
				IPHONEOS_DEPLOYMENT_TARGET = 11.0;
				MTL_ENABLE_DEBUG_INFO = NO;
				SDKROOT = iphoneos;
				SWIFT_OPTIMIZATION_LEVEL = "-Owholemodule";
				VALIDATE_PRODUCT = YES;
			};
			name = Release;
		};
		F253460E1F8D552B0082FA16 /* Debug */ = {
			isa = XCBuildConfiguration;
			baseConfigurationReference = 18A57EF18F3D8C8AB4C639F5 /* Pods-InstaShopAR.debug.xcconfig */;
			buildSettings = {
				ASSETCATALOG_COMPILER_APPICON_NAME = AppIcon;
				CODE_SIGN_STYLE = Automatic;
				DEVELOPMENT_TEAM = E897H33R58;
				INFOPLIST_FILE = InstaShopAR/Info.plist;
				LD_RUNPATH_SEARCH_PATHS = "$(inherited) @executable_path/Frameworks";
				PRODUCT_BUNDLE_IDENTIFIER = com.arjunshukla.InstaShopAR;
				PRODUCT_NAME = "$(TARGET_NAME)";
				SWIFT_VERSION = 4.0;
				TARGETED_DEVICE_FAMILY = "1,2";
			};
			name = Debug;
		};
		F253460F1F8D552B0082FA16 /* Release */ = {
			isa = XCBuildConfiguration;
			baseConfigurationReference = 2FA84A54E5098AB8344E9C7D /* Pods-InstaShopAR.release.xcconfig */;
			buildSettings = {
				ASSETCATALOG_COMPILER_APPICON_NAME = AppIcon;
				CODE_SIGN_STYLE = Automatic;
				DEVELOPMENT_TEAM = E897H33R58;
				INFOPLIST_FILE = InstaShopAR/Info.plist;
				LD_RUNPATH_SEARCH_PATHS = "$(inherited) @executable_path/Frameworks";
				PRODUCT_BUNDLE_IDENTIFIER = com.arjunshukla.InstaShopAR;
				PRODUCT_NAME = "$(TARGET_NAME)";
				SWIFT_VERSION = 4.0;
				TARGETED_DEVICE_FAMILY = "1,2";
			};
			name = Release;
		};
/* End XCBuildConfiguration section */

/* Begin XCConfigurationList section */
		F25345F41F8D552B0082FA16 /* Build configuration list for PBXProject "InstaShopAR" */ = {
			isa = XCConfigurationList;
			buildConfigurations = (
				F253460B1F8D552B0082FA16 /* Debug */,
				F253460C1F8D552B0082FA16 /* Release */,
			);
			defaultConfigurationIsVisible = 0;
			defaultConfigurationName = Release;
		};
		F253460D1F8D552B0082FA16 /* Build configuration list for PBXNativeTarget "InstaShopAR" */ = {
			isa = XCConfigurationList;
			buildConfigurations = (
				F253460E1F8D552B0082FA16 /* Debug */,
				F253460F1F8D552B0082FA16 /* Release */,
			);
			defaultConfigurationIsVisible = 0;
			defaultConfigurationName = Release;
		};
/* End XCConfigurationList section */
	};
	rootObject = F25345F11F8D552B0082FA16 /* Project object */;
}
